// !$*UTF8*$!
{
	archiveVersion = 1;
	classes = {
	};
	objectVersion = 77;
	objects = {

/* Begin PBXBuildFile section */
		606C7E022F77A8C500F11BF3 /* IOKit.framework in Frameworks */ = {isa = PBXBuildFile; fileRef = 606C7E032F77A8C500F11BF3 /* IOKit.framework */; };
		606C7E052F77A8C500F11BF3 /* Security.framework in Frameworks */ = {isa = PBXBuildFile; fileRef = 606C7E062F77A8C500F11BF3 /* Security.framework */; };
		70A000010000000000000001 /* MacPowerFlowHelperMain.swift in Sources */ = {isa = PBXBuildFile; fileRef = 70A001050000000000000005 /* MacPowerFlowHelperMain.swift */; };
		70A000020000000000000002 /* MPFPrivilegedService.swift in Sources */ = {isa = PBXBuildFile; fileRef = 70A001030000000000000003 /* MPFPrivilegedService.swift */; };
		70A000030000000000000003 /* MacPowerFlowInstallerMain.swift in Sources */ = {isa = PBXBuildFile; fileRef = 70A001060000000000000006 /* MacPowerFlowInstallerMain.swift */; };
		70A000040000000000000004 /* MPFPrivilegedService.swift in Sources */ = {isa = PBXBuildFile; fileRef = 70A001030000000000000003 /* MPFPrivilegedService.swift */; };
		70A000050000000000000005 /* com.llf.MacPowerFlow.PrivilegedHelper in Embed Privileged Tools */ = {isa = PBXBuildFile; fileRef = 70A001010000000000000001 /* com.llf.MacPowerFlow.PrivilegedHelper */; settings = {ATTRIBUTES = (CodeSignOnCopy, ); }; };
		70A000060000000000000006 /* com.llf.MacPowerFlow.PrivilegedInstaller in Embed Privileged Tools */ = {isa = PBXBuildFile; fileRef = 70A001020000000000000002 /* com.llf.MacPowerFlow.PrivilegedInstaller */; settings = {ATTRIBUTES = (CodeSignOnCopy, ); }; };
		70A000070000000000000007 /* Security.framework in Frameworks */ = {isa = PBXBuildFile; fileRef = 606C7E062F77A8C500F11BF3 /* Security.framework */; };
		70A000080000000000000008 /* Security.framework in Frameworks */ = {isa = PBXBuildFile; fileRef = 606C7E062F77A8C500F11BF3 /* Security.framework */; };
/* End PBXBuildFile section */

/* Begin PBXContainerItemProxy section */
		70A006010000000000000001 /* PBXContainerItemProxy */ = {
			isa = PBXContainerItemProxy;
			containerPortal = 606C7DEC2F77A8C200F11BF3 /* Project object */;
			proxyType = 1;
			remoteGlobalIDString = 70A004010000000000000001;
			remoteInfo = MacPowerFlowPrivilegedHelper;
		};
		70A006020000000000000002 /* PBXContainerItemProxy */ = {
			isa = PBXContainerItemProxy;
			containerPortal = 606C7DEC2F77A8C200F11BF3 /* Project object */;
			proxyType = 1;
			remoteGlobalIDString = 70A004020000000000000002;
			remoteInfo = MacPowerFlowInstaller;
		};
/* End PBXContainerItemProxy section */

/* Begin PBXCopyFilesBuildPhase section */
		70A003060000000000000006 /* Embed Privileged Tools */ = {
			isa = PBXCopyFilesBuildPhase;
			buildActionMask = 2147483647;
			dstPath = Contents/Library/LaunchServices;
			dstSubfolderSpec = 1;
			files = (
				70A000050000000000000005 /* com.llf.MacPowerFlow.PrivilegedHelper in Embed Privileged Tools */,
				70A000060000000000000006 /* com.llf.MacPowerFlow.PrivilegedInstaller in Embed Privileged Tools */,
			);
			name = "Embed Privileged Tools";
			runOnlyForDeploymentPostprocessing = 0;
		};
/* End PBXCopyFilesBuildPhase section */

/* Begin PBXFileReference section */
		606C7DF42F77A8C200F11BF3 /* MacPowerFlow.app */ = {isa = PBXFileReference; explicitFileType = wrapper.application; includeInIndex = 0; path = MacPowerFlow.app; sourceTree = BUILT_PRODUCTS_DIR; };
		606C7E032F77A8C500F11BF3 /* IOKit.framework */ = {isa = PBXFileReference; lastKnownFileType = wrapper.framework; name = IOKit.framework; path = System/Library/Frameworks/IOKit.framework; sourceTree = SDKROOT; };
		606C7E062F77A8C500F11BF3 /* Security.framework */ = {isa = PBXFileReference; lastKnownFileType = wrapper.framework; name = Security.framework; path = System/Library/Frameworks/Security.framework; sourceTree = SDKROOT; };
		70A001010000000000000001 /* com.llf.MacPowerFlow.PrivilegedHelper */ = {isa = PBXFileReference; explicitFileType = "compiled.mach-o.executable"; includeInIndex = 0; path = com.llf.MacPowerFlow.PrivilegedHelper; sourceTree = BUILT_PRODUCTS_DIR; };
		70A001020000000000000002 /* com.llf.MacPowerFlow.PrivilegedInstaller */ = {isa = PBXFileReference; explicitFileType = "compiled.mach-o.executable"; includeInIndex = 0; path = com.llf.MacPowerFlow.PrivilegedInstaller; sourceTree = BUILT_PRODUCTS_DIR; };
		70A001030000000000000003 /* MPFPrivilegedService.swift */ = {isa = PBXFileReference; lastKnownFileType = sourcecode.swift; path = MPFPrivilegedService.swift; sourceTree = "<group>"; };
		70A001040000000000000004 /* PrivilegedMetricsXPCProtocol.h */ = {isa = PBXFileReference; lastKnownFileType = sourcecode.c.h; path = PrivilegedMetricsXPCProtocol.h; sourceTree = "<group>"; };
		70A001050000000000000005 /* MacPowerFlowHelperMain.swift */ = {isa = PBXFileReference; lastKnownFileType = sourcecode.swift; path = MacPowerFlowHelperMain.swift; sourceTree = "<group>"; };
		70A001060000000000000006 /* MacPowerFlowInstallerMain.swift */ = {isa = PBXFileReference; lastKnownFileType = sourcecode.swift; path = MacPowerFlowInstallerMain.swift; sourceTree = "<group>"; };
/* End PBXFileReference section */

/* Begin PBXFileSystemSynchronizedRootGroup section */
		606C7DF62F77A8C200F11BF3 /* PowerFlow */ = {
			isa = PBXFileSystemSynchronizedRootGroup;
			path = PowerFlow;
			sourceTree = "<group>";
		};
/* End PBXFileSystemSynchronizedRootGroup section */

/* Begin PBXFrameworksBuildPhase section */
		606C7DF12F77A8C200F11BF3 /* Frameworks */ = {
			isa = PBXFrameworksBuildPhase;
			buildActionMask = 2147483647;
			files = (
				606C7E022F77A8C500F11BF3 /* IOKit.framework in Frameworks */,
				606C7E052F77A8C500F11BF3 /* Security.framework in Frameworks */,
			);
			runOnlyForDeploymentPostprocessing = 0;
		};
		70A003020000000000000002 /* Frameworks */ = {
			isa = PBXFrameworksBuildPhase;
			buildActionMask = 2147483647;
			files = (
				70A000070000000000000007 /* Security.framework in Frameworks */,
			);
			runOnlyForDeploymentPostprocessing = 0;
		};
		70A003050000000000000005 /* Frameworks */ = {
			isa = PBXFrameworksBuildPhase;
			buildActionMask = 2147483647;
			files = (
				70A000080000000000000008 /* Security.framework in Frameworks */,
			);
			runOnlyForDeploymentPostprocessing = 0;
		};
/* End PBXFrameworksBuildPhase section */

/* Begin PBXGroup section */
		606C7DEB2F77A8C200F11BF3 = {
			isa = PBXGroup;
			children = (
				606C7DF62F77A8C200F11BF3 /* PowerFlow */,
				70A002010000000000000001 /* Shared */,
				70A002020000000000000002 /* Helper */,
				70A002030000000000000003 /* Installer */,
				606C7DF52F77A8C200F11BF3 /* Products */,
				606C7E042F77A8C500F11BF3 /* Frameworks */,
			);
			sourceTree = "<group>";
		};
		606C7DF52F77A8C200F11BF3 /* Products */ = {
			isa = PBXGroup;
			children = (
				606C7DF42F77A8C200F11BF3 /* MacPowerFlow.app */,
				70A001010000000000000001 /* com.llf.MacPowerFlow.PrivilegedHelper */,
				70A001020000000000000002 /* com.llf.MacPowerFlow.PrivilegedInstaller */,
			);
			name = Products;
			sourceTree = "<group>";
		};
		606C7E042F77A8C500F11BF3 /* Frameworks */ = {
			isa = PBXGroup;
			children = (
				606C7E032F77A8C500F11BF3 /* IOKit.framework */,
				606C7E062F77A8C500F11BF3 /* Security.framework */,
			);
			name = Frameworks;
			sourceTree = "<group>";
		};
		70A002010000000000000001 /* Shared */ = {
			isa = PBXGroup;
			children = (
				70A001030000000000000003 /* MPFPrivilegedService.swift */,
				70A001040000000000000004 /* PrivilegedMetricsXPCProtocol.h */,
			);
			path = Shared;
			sourceTree = "<group>";
		};
		70A002020000000000000002 /* Helper */ = {
			isa = PBXGroup;
			children = (
				70A001050000000000000005 /* MacPowerFlowHelperMain.swift */,
			);
			path = Helper;
			sourceTree = "<group>";
		};
		70A002030000000000000003 /* Installer */ = {
			isa = PBXGroup;
			children = (
				70A001060000000000000006 /* MacPowerFlowInstallerMain.swift */,
			);
			path = Installer;
			sourceTree = "<group>";
		};
/* End PBXGroup section */

/* Begin PBXNativeTarget section */
		606C7DF32F77A8C200F11BF3 /* MacPowerFlow */ = {
			isa = PBXNativeTarget;
			buildConfigurationList = 606C7DFF2F77A8C400F11BF3 /* Build configuration list for PBXNativeTarget "MacPowerFlow" */;
			buildPhases = (
				606C7DF02F77A8C200F11BF3 /* Sources */,
				606C7DF12F77A8C200F11BF3 /* Frameworks */,
				606C7DF22F77A8C200F11BF3 /* Resources */,
				70A003060000000000000006 /* Embed Privileged Tools */,
			);
			buildRules = (
			);
			dependencies = (
				70A005010000000000000001 /* PBXTargetDependency */,
				70A005020000000000000002 /* PBXTargetDependency */,
			);
			fileSystemSynchronizedGroups = (
				606C7DF62F77A8C200F11BF3 /* PowerFlow */,
			);
			name = MacPowerFlow;
			packageProductDependencies = (
			);
			productName = MacPowerFlow;
			productReference = 606C7DF42F77A8C200F11BF3 /* MacPowerFlow.app */;
			productType = "com.apple.product-type.application";
		};
		70A004010000000000000001 /* MacPowerFlowPrivilegedHelper */ = {
			isa = PBXNativeTarget;
			buildConfigurationList = 70A008010000000000000001 /* Build configuration list for PBXNativeTarget "MacPowerFlowPrivilegedHelper" */;
			buildPhases = (
				70A003010000000000000001 /* Sources */,
				70A003020000000000000002 /* Frameworks */,
			);
			buildRules = (
			);
			dependencies = (
			);
			name = MacPowerFlowPrivilegedHelper;
			packageProductDependencies = (
			);
			productName = com.llf.MacPowerFlow.PrivilegedHelper;
			productReference = 70A001010000000000000001 /* com.llf.MacPowerFlow.PrivilegedHelper */;
			productType = "com.apple.product-type.tool";
		};
		70A004020000000000000002 /* MacPowerFlowInstaller */ = {
			isa = PBXNativeTarget;
			buildConfigurationList = 70A008020000000000000002 /* Build configuration list for PBXNativeTarget "MacPowerFlowInstaller" */;
			buildPhases = (
				70A003040000000000000004 /* Sources */,
				70A003050000000000000005 /* Frameworks */,
			);
			buildRules = (
			);
			dependencies = (
			);
			name = MacPowerFlowInstaller;
			packageProductDependencies = (
			);
			productName = com.llf.MacPowerFlow.PrivilegedInstaller;
			productReference = 70A001020000000000000002 /* com.llf.MacPowerFlow.PrivilegedInstaller */;
			productType = "com.apple.product-type.tool";
		};
/* End PBXNativeTarget section */

/* Begin PBXProject section */
		606C7DEC2F77A8C200F11BF3 /* Project object */ = {
			isa = PBXProject;
			attributes = {
				BuildIndependentTargetsInParallel = 1;
				LastSwiftUpdateCheck = 2640;
				LastUpgradeCheck = 2640;
				TargetAttributes = {
					606C7DF32F77A8C200F11BF3 = {
						CreatedOnToolsVersion = 26.4;
					};
					70A004010000000000000001 = {
						CreatedOnToolsVersion = 26.6;
					};
					70A004020000000000000002 = {
						CreatedOnToolsVersion = 26.6;
					};
				};
			};
			buildConfigurationList = 606C7DEF2F77A8C200F11BF3 /* Build configuration list for PBXProject "PowerFlow" */;
			developmentRegion = en;
			hasScannedForEncodings = 0;
			knownRegions = (
				en,
				Base,
			);
			mainGroup = 606C7DEB2F77A8C200F11BF3;
			minimizedProjectReferenceProxies = 1;
			preferredProjectObjectVersion = 77;
			productRefGroup = 606C7DF52F77A8C200F11BF3 /* Products */;
			projectDirPath = "";
			projectRoot = "";
			targets = (
				606C7DF32F77A8C200F11BF3 /* MacPowerFlow */,
				70A004010000000000000001 /* MacPowerFlowPrivilegedHelper */,
				70A004020000000000000002 /* MacPowerFlowInstaller */,
			);
		};
/* End PBXProject section */

/* Begin PBXResourcesBuildPhase section */
		606C7DF22F77A8C200F11BF3 /* Resources */ = {
			isa = PBXResourcesBuildPhase;
			buildActionMask = 2147483647;
			files = (
			);
			runOnlyForDeploymentPostprocessing = 0;
		};
/* End PBXResourcesBuildPhase section */

/* Begin PBXSourcesBuildPhase section */
		606C7DF02F77A8C200F11BF3 /* Sources */ = {
			isa = PBXSourcesBuildPhase;
			buildActionMask = 2147483647;
			files = (
			);
			runOnlyForDeploymentPostprocessing = 0;
		};
		70A003010000000000000001 /* Sources */ = {
			isa = PBXSourcesBuildPhase;
			buildActionMask = 2147483647;
			files = (
				70A000010000000000000001 /* MacPowerFlowHelperMain.swift in Sources */,
				70A000020000000000000002 /* MPFPrivilegedService.swift in Sources */,
			);
			runOnlyForDeploymentPostprocessing = 0;
		};
		70A003040000000000000004 /* Sources */ = {
			isa = PBXSourcesBuildPhase;
			buildActionMask = 2147483647;
			files = (
				70A000030000000000000003 /* MacPowerFlowInstallerMain.swift in Sources */,
				70A000040000000000000004 /* MPFPrivilegedService.swift in Sources */,
			);
			runOnlyForDeploymentPostprocessing = 0;
		};
/* End PBXSourcesBuildPhase section */

/* Begin PBXTargetDependency section */
		70A005010000000000000001 /* PBXTargetDependency */ = {
			isa = PBXTargetDependency;
			target = 70A004010000000000000001 /* MacPowerFlowPrivilegedHelper */;
			targetProxy = 70A006010000000000000001 /* PBXContainerItemProxy */;
		};
		70A005020000000000000002 /* PBXTargetDependency */ = {
			isa = PBXTargetDependency;
			target = 70A004020000000000000002 /* MacPowerFlowInstaller */;
			targetProxy = 70A006020000000000000002 /* PBXContainerItemProxy */;
		};
/* End PBXTargetDependency section */

/* Begin XCBuildConfiguration section */
		606C7DFD2F77A8C400F11BF3 /* Debug */ = {
			isa = XCBuildConfiguration;
			buildSettings = {
				ALWAYS_SEARCH_USER_PATHS = NO;
				ASSETCATALOG_COMPILER_GENERATE_SWIFT_ASSET_SYMBOL_EXTENSIONS = YES;
				CLANG_ANALYZER_NONNULL = YES;
				CLANG_ANALYZER_NUMBER_OBJECT_CONVERSION = YES_AGGRESSIVE;
				CLANG_CXX_LANGUAGE_STANDARD = "gnu++20";
				CLANG_ENABLE_MODULES = YES;
				CLANG_ENABLE_OBJC_ARC = YES;
				CLANG_ENABLE_OBJC_WEAK = YES;
				CLANG_WARN_BLOCK_CAPTURE_AUTORELEASING = YES;
				CLANG_WARN_BOOL_CONVERSION = YES;
				CLANG_WARN_COMMA = YES;
				CLANG_WARN_CONSTANT_CONVERSION = YES;
				CLANG_WARN_DEPRECATED_OBJC_IMPLEMENTATIONS = YES;
				CLANG_WARN_DIRECT_OBJC_ISA_USAGE = YES_ERROR;
				CLANG_WARN_DOCUMENTATION_COMMENTS = YES;
				CLANG_WARN_EMPTY_BODY = YES;
				CLANG_WARN_ENUM_CONVERSION = YES;
				CLANG_WARN_INFINITE_RECURSION = YES;
				CLANG_WARN_INT_CONVERSION = YES;
				CLANG_WARN_NON_LITERAL_NULL_CONVERSION = YES;
				CLANG_WARN_OBJC_IMPLICIT_RETAIN_SELF = YES;
				CLANG_WARN_OBJC_LITERAL_CONVERSION = YES;
				CLANG_WARN_OBJC_ROOT_CLASS = YES_ERROR;
				CLANG_WARN_QUOTED_INCLUDE_IN_FRAMEWORK_HEADER = YES;
				CLANG_WARN_RANGE_LOOP_ANALYSIS = YES;
				CLANG_WARN_STRICT_PROTOTYPES = YES;
				CLANG_WARN_SUSPICIOUS_MOVE = YES;
				CLANG_WARN_UNGUARDED_AVAILABILITY = YES_AGGRESSIVE;
				CLANG_WARN_UNREACHABLE_CODE = YES;
				CLANG_WARN__DUPLICATE_METHOD_MATCH = YES;
				COPY_PHASE_STRIP = NO;
				DEBUG_INFORMATION_FORMAT = dwarf;
				DEVELOPMENT_TEAM = "";
				ENABLE_STRICT_OBJC_MSGSEND = YES;
				ENABLE_TESTABILITY = YES;
				ENABLE_USER_SCRIPT_SANDBOXING = YES;
				GCC_C_LANGUAGE_STANDARD = gnu17;
				GCC_DYNAMIC_NO_PIC = NO;
				GCC_NO_COMMON_BLOCKS = YES;
				GCC_OPTIMIZATION_LEVEL = 0;
				GCC_PREPROCESSOR_DEFINITIONS = (
					"DEBUG=1",
					"$(inherited)",
				);
				GCC_WARN_64_TO_32_BIT_CONVERSION = YES;
				GCC_WARN_ABOUT_RETURN_TYPE = YES_ERROR;
				GCC_WARN_UNDECLARED_SELECTOR = YES;
				GCC_WARN_UNINITIALIZED_AUTOS = YES_AGGRESSIVE;
				GCC_WARN_UNUSED_FUNCTION = YES;
				GCC_WARN_UNUSED_VARIABLE = YES;
				LOCALIZATION_PREFERS_STRING_CATALOGS = YES;
				MACOSX_DEPLOYMENT_TARGET = 13.0;
				MTL_ENABLE_DEBUG_INFO = INCLUDE_SOURCE;
				MTL_FAST_MATH = YES;
				ONLY_ACTIVE_ARCH = YES;
				SDKROOT = macosx;
				SWIFT_ACTIVE_COMPILATION_CONDITIONS = "DEBUG $(inherited)";
				SWIFT_OPTIMIZATION_LEVEL = "-Onone";
			};
			name = Debug;
		};
		606C7DFE2F77A8C400F11BF3 /* Release */ = {
			isa = XCBuildConfiguration;
			buildSettings = {
				ALWAYS_SEARCH_USER_PATHS = NO;
				ASSETCATALOG_COMPILER_GENERATE_SWIFT_ASSET_SYMBOL_EXTENSIONS = YES;
				CLANG_ANALYZER_NONNULL = YES;
				CLANG_ANALYZER_NUMBER_OBJECT_CONVERSION = YES_AGGRESSIVE;
				CLANG_CXX_LANGUAGE_STANDARD = "gnu++20";
				CLANG_ENABLE_MODULES = YES;
				CLANG_ENABLE_OBJC_ARC = YES;
				CLANG_ENABLE_OBJC_WEAK = YES;
				CLANG_WARN_BLOCK_CAPTURE_AUTORELEASING = YES;
				CLANG_WARN_BOOL_CONVERSION = YES;
				CLANG_WARN_COMMA = YES;
				CLANG_WARN_CONSTANT_CONVERSION = YES;
				CLANG_WARN_DEPRECATED_OBJC_IMPLEMENTATIONS = YES;
				CLANG_WARN_DIRECT_OBJC_ISA_USAGE = YES_ERROR;
				CLANG_WARN_DOCUMENTATION_COMMENTS = YES;
				CLANG_WARN_EMPTY_BODY = YES;
				CLANG_WARN_ENUM_CONVERSION = YES;
				CLANG_WARN_INFINITE_RECURSION = YES;
				CLANG_WARN_INT_CONVERSION = YES;
				CLANG_WARN_NON_LITERAL_NULL_CONVERSION = YES;
				CLANG_WARN_OBJC_IMPLICIT_RETAIN_SELF = YES;
				CLANG_WARN_OBJC_LITERAL_CONVERSION = YES;
				CLANG_WARN_OBJC_ROOT_CLASS = YES_ERROR;
				CLANG_WARN_QUOTED_INCLUDE_IN_FRAMEWORK_HEADER = YES;
				CLANG_WARN_RANGE_LOOP_ANALYSIS = YES;
				CLANG_WARN_STRICT_PROTOTYPES = YES;
				CLANG_WARN_SUSPICIOUS_MOVE = YES;
				CLANG_WARN_UNGUARDED_AVAILABILITY = YES_AGGRESSIVE;
				CLANG_WARN_UNREACHABLE_CODE = YES;
				CLANG_WARN__DUPLICATE_METHOD_MATCH = YES;
				COPY_PHASE_STRIP = NO;
				DEBUG_INFORMATION_FORMAT = "dwarf-with-dsym";
				DEVELOPMENT_TEAM = "";
				ENABLE_NS_ASSERTIONS = NO;
				ENABLE_STRICT_OBJC_MSGSEND = YES;
				ENABLE_USER_SCRIPT_SANDBOXING = YES;
				GCC_C_LANGUAGE_STANDARD = gnu17;
				GCC_NO_COMMON_BLOCKS = YES;
				GCC_WARN_64_TO_32_BIT_CONVERSION = YES;
				GCC_WARN_ABOUT_RETURN_TYPE = YES_ERROR;
				GCC_WARN_UNDECLARED_SELECTOR = YES;
				GCC_WARN_UNINITIALIZED_AUTOS = YES_AGGRESSIVE;
				GCC_WARN_UNUSED_FUNCTION = YES;
				GCC_WARN_UNUSED_VARIABLE = YES;
				LOCALIZATION_PREFERS_STRING_CATALOGS = YES;
				MACOSX_DEPLOYMENT_TARGET = 13.0;
				MTL_ENABLE_DEBUG_INFO = NO;
				MTL_FAST_MATH = YES;
				SDKROOT = macosx;
				SWIFT_COMPILATION_MODE = wholemodule;
			};
			name = Release;
		};
		606C7E002F77A8C400F11BF3 /* Debug */ = {
			isa = XCBuildConfiguration;
			buildSettings = {
				ASSETCATALOG_COMPILER_APPICON_NAME = AppIcon;
				ASSETCATALOG_COMPILER_GLOBAL_ACCENT_COLOR_NAME = AccentColor;
				CODE_SIGN_IDENTITY = "-";
				CODE_SIGN_STYLE = Manual;
				COMBINE_HIDPI_IMAGES = YES;
				CURRENT_PROJECT_VERSION = 15;
				DEVELOPMENT_TEAM = "";
				ENABLE_APP_SANDBOX = NO;
				ENABLE_HARDENED_RUNTIME = YES;
				ENABLE_PREVIEWS = YES;
				GENERATE_INFOPLIST_FILE = YES;
				INFOPLIST_KEY_CFBundleDisplayName = MacPowerFlow;
				INFOPLIST_KEY_LSUIElement = YES;
				INFOPLIST_KEY_NSHumanReadableCopyright = "Copyright © 2026 MacPowerFlow contributors";
				LD_RUNPATH_SEARCH_PATHS = (
					"$(inherited)",
					"@executable_path/../Frameworks",
				);
				MARKETING_VERSION = 1.5.3;
				OTHER_LDFLAGS = (
					"$(inherited)",
					"-weak-lIOReport",
				);
				PRODUCT_BUNDLE_IDENTIFIER = com.llf.MacPowerFlow;
				PRODUCT_NAME = MacPowerFlow;
				REGISTER_APP_GROUPS = YES;
				STRING_CATALOG_GENERATE_SYMBOLS = YES;
				SWIFT_APPROACHABLE_CONCURRENCY = YES;
				SWIFT_DEFAULT_ACTOR_ISOLATION = MainActor;
				SWIFT_EMIT_LOC_STRINGS = YES;
				SWIFT_OBJC_BRIDGING_HEADER = PowerFlow/PowerFlow-Bridging-Header.h;
				SWIFT_UPCOMING_FEATURE_MEMBER_IMPORT_VISIBILITY = YES;
				SWIFT_VERSION = 5.0;
			};
			name = Debug;
		};
		606C7E012F77A8C400F11BF3 /* Release */ = {
			isa = XCBuildConfiguration;
			buildSettings = {
				ASSETCATALOG_COMPILER_APPICON_NAME = AppIcon;
				ASSETCATALOG_COMPILER_GLOBAL_ACCENT_COLOR_NAME = AccentColor;
				CODE_SIGN_IDENTITY = "-";
				CODE_SIGN_STYLE = Manual;
				COMBINE_HIDPI_IMAGES = YES;
				CURRENT_PROJECT_VERSION = 15;
				DEVELOPMENT_TEAM = "";
				ENABLE_APP_SANDBOX = NO;
				ENABLE_HARDENED_RUNTIME = YES;
				ENABLE_PREVIEWS = YES;
				GENERATE_INFOPLIST_FILE = YES;
				INFOPLIST_KEY_CFBundleDisplayName = MacPowerFlow;
				INFOPLIST_KEY_LSUIElement = YES;
				INFOPLIST_KEY_NSHumanReadableCopyright = "Copyright © 2026 MacPowerFlow contributors";
				LD_RUNPATH_SEARCH_PATHS = (
					"$(inherited)",
					"@executable_path/../Frameworks",
				);
				MARKETING_VERSION = 1.5.3;
				OTHER_LDFLAGS = (
					"$(inherited)",
					"-weak-lIOReport",
				);
				PRODUCT_BUNDLE_IDENTIFIER = com.llf.MacPowerFlow;
				PRODUCT_NAME = MacPowerFlow;
				REGISTER_APP_GROUPS = YES;
				STRING_CATALOG_GENERATE_SYMBOLS = YES;
				SWIFT_APPROACHABLE_CONCURRENCY = YES;
				SWIFT_DEFAULT_ACTOR_ISOLATION = MainActor;
				SWIFT_EMIT_LOC_STRINGS = YES;
				SWIFT_OBJC_BRIDGING_HEADER = PowerFlow/PowerFlow-Bridging-Header.h;
				SWIFT_UPCOMING_FEATURE_MEMBER_IMPORT_VISIBILITY = YES;
				SWIFT_VERSION = 5.0;
			};
			name = Release;
		};
		70A007010000000000000001 /* Debug */ = {
			isa = XCBuildConfiguration;
			buildSettings = {
				CODE_SIGN_IDENTITY = "-";
				CODE_SIGN_STYLE = Manual;
				CREATE_INFOPLIST_SECTION_IN_BINARY = YES;
				CURRENT_PROJECT_VERSION = 15;
				DEVELOPMENT_TEAM = "";
				ENABLE_APP_SANDBOX = NO;
				ENABLE_HARDENED_RUNTIME = YES;
				GENERATE_INFOPLIST_FILE = YES;
				MARKETING_VERSION = 1.5.3;
				PRODUCT_BUNDLE_IDENTIFIER = com.llf.MacPowerFlow.PrivilegedHelper;
				PRODUCT_NAME = com.llf.MacPowerFlow.PrivilegedHelper;
				SKIP_INSTALL = YES;
				SWIFT_OBJC_BRIDGING_HEADER = Shared/PrivilegedMetricsXPCProtocol.h;
				SWIFT_VERSION = 5.0;
			};
			name = Debug;
		};
		70A007020000000000000002 /* Release */ = {
			isa = XCBuildConfiguration;
			buildSettings = {
				CODE_SIGN_IDENTITY = "-";
				CODE_SIGN_STYLE = Manual;
				CREATE_INFOPLIST_SECTION_IN_BINARY = YES;
				CURRENT_PROJECT_VERSION = 15;
				DEVELOPMENT_TEAM = "";
				ENABLE_APP_SANDBOX = NO;
				ENABLE_HARDENED_RUNTIME = YES;
				GENERATE_INFOPLIST_FILE = YES;
				MARKETING_VERSION = 1.5.3;
				PRODUCT_BUNDLE_IDENTIFIER = com.llf.MacPowerFlow.PrivilegedHelper;
				PRODUCT_NAME = com.llf.MacPowerFlow.PrivilegedHelper;
				SKIP_INSTALL = YES;
				SWIFT_OBJC_BRIDGING_HEADER = Shared/PrivilegedMetricsXPCProtocol.h;
				SWIFT_VERSION = 5.0;
			};
			name = Release;
		};
		70A007030000000000000003 /* Debug */ = {
			isa = XCBuildConfiguration;
			buildSettings = {
				CODE_SIGN_IDENTITY = "-";
				CODE_SIGN_STYLE = Manual;
				CREATE_INFOPLIST_SECTION_IN_BINARY = YES;
				CURRENT_PROJECT_VERSION = 15;
				DEVELOPMENT_TEAM = "";
				ENABLE_APP_SANDBOX = NO;
				ENABLE_HARDENED_RUNTIME = YES;
				GENERATE_INFOPLIST_FILE = YES;
				MARKETING_VERSION = 1.5.3;
				PRODUCT_BUNDLE_IDENTIFIER = com.llf.MacPowerFlow.PrivilegedInstaller;
				PRODUCT_NAME = com.llf.MacPowerFlow.PrivilegedInstaller;
				SKIP_INSTALL = YES;
				SWIFT_VERSION = 5.0;
			};
			name = Debug;
		};
		70A007040000000000000004 /* Release */ = {
			isa = XCBuildConfiguration;
			buildSettings = {
				CODE_SIGN_IDENTITY = "-";
				CODE_SIGN_STYLE = Manual;
				CREATE_INFOPLIST_SECTION_IN_BINARY = YES;
				CURRENT_PROJECT_VERSION = 15;
				DEVELOPMENT_TEAM = "";
				ENABLE_APP_SANDBOX = NO;
				ENABLE_HARDENED_RUNTIME = YES;
				GENERATE_INFOPLIST_FILE = YES;
				MARKETING_VERSION = 1.5.3;
				PRODUCT_BUNDLE_IDENTIFIER = com.llf.MacPowerFlow.PrivilegedInstaller;
				PRODUCT_NAME = com.llf.MacPowerFlow.PrivilegedInstaller;
				SKIP_INSTALL = YES;
				SWIFT_VERSION = 5.0;
			};
			name = Release;
		};
/* End XCBuildConfiguration section */

/* Begin XCConfigurationList section */
		606C7DEF2F77A8C200F11BF3 /* Build configuration list for PBXProject "PowerFlow" */ = {
			isa = XCConfigurationList;
			buildConfigurations = (
				606C7DFD2F77A8C400F11BF3 /* Debug */,
				606C7DFE2F77A8C400F11BF3 /* Release */,
			);
			defaultConfigurationIsVisible = 0;
			defaultConfigurationName = Release;
		};
		606C7DFF2F77A8C400F11BF3 /* Build configuration list for PBXNativeTarget "MacPowerFlow" */ = {
			isa = XCConfigurationList;
			buildConfigurations = (
				606C7E002F77A8C400F11BF3 /* Debug */,
				606C7E012F77A8C400F11BF3 /* Release */,
			);
			defaultConfigurationIsVisible = 0;
			defaultConfigurationName = Release;
		};
		70A008010000000000000001 /* Build configuration list for PBXNativeTarget "MacPowerFlowPrivilegedHelper" */ = {
			isa = XCConfigurationList;
			buildConfigurations = (
				70A007010000000000000001 /* Debug */,
				70A007020000000000000002 /* Release */,
			);
			defaultConfigurationIsVisible = 0;
			defaultConfigurationName = Release;
		};
		70A008020000000000000002 /* Build configuration list for PBXNativeTarget "MacPowerFlowInstaller" */ = {
			isa = XCConfigurationList;
			buildConfigurations = (
				70A007030000000000000003 /* Debug */,
				70A007040000000000000004 /* Release */,
			);
			defaultConfigurationIsVisible = 0;
			defaultConfigurationName = Release;
		};
/* End XCConfigurationList section */
	};
	rootObject = 606C7DEC2F77A8C200F11BF3 /* Project object */;
}
